
Microsoft Visual Studio Solution File, Format Version 12.00
# Visual Studio 15
VisualStudioVersion = 15.0.28307.705
MinimumVisualStudioVersion = 10.0.40219.1
Project("{8BC9CEB8-8B4A-11D0-8D11-00A0C91BC942}") = "Utility", "Utility\Utility.vcxproj", "{D7DC5FED-DC8E-4706-817C-510B125A71F4}"
EndProject
Project("{FAE04EC0-301F-11D3-BF4B-00C04F79EFBC}") = "SystemVerilogPackage", "SystemVerilogPackage\SystemVerilogPackage.csproj", "{DCCCA7AE-DF94-410A-AF8D-D011C33C9E72}"
EndProject
Project("{FAE04EC0-301F-11D3-BF4B-00C04F79EFBC}") = "mksvgrmr", "mksvgrmr\mksvgrmr.csproj", "{27770C97-2B56-47AC-9CBE-86C77523E215}"
EndProject
Project("{2150E333-8FDC-42A3-9474-1A3956D46DE8}") = "Solution Items", "Solution Items", "{5398E5E6-1FAE-4CB7-9CA6-B9EA0C7A1001}"
	ProjectSection(SolutionItems) = preProject
		add_ignore.js = add_ignore.js
		CreateParser.cmd = CreateParser.cmd
		footer.l = footer.l
		footer.y = footer.y
		header.l = header.l
		header.y = header.y
		mknames.js = mknames.js
	EndProjectSection
EndProject
Project("{8BC9CEB8-8B4A-11D0-8D11-00A0C91BC942}") = "Utility.Test", "Utility.Test\Utility.Test.vcxproj", "{38F6B1D6-55E7-4DEB-A4F5-6AC66FC3F8AB}"
EndProject
Global
	GlobalSection(SolutionConfigurationPlatforms) = preSolution
		Debug|Any CPU = Debug|Any CPU
		Debug|Mixed Platforms = Debug|Mixed Platforms
		Debug|Win32 = Debug|Win32
		Release|Any CPU = Release|Any CPU
		Release|Mixed Platforms = Release|Mixed Platforms
		Release|Win32 = Release|Win32
	EndGlobalSection
	GlobalSection(ProjectConfigurationPlatforms) = postSolution
		{D7DC5FED-DC8E-4706-817C-510B125A71F4}.Debug|Any CPU.ActiveCfg = Debug|Win32
		{D7DC5FED-DC8E-4706-817C-510B125A71F4}.Debug|Mixed Platforms.ActiveCfg = Debug|Win32
		{D7DC5FED-DC8E-4706-817C-510B125A71F4}.Debug|Mixed Platforms.Build.0 = Debug|Win32
		{D7DC5FED-DC8E-4706-817C-510B125A71F4}.Debug|Win32.ActiveCfg = Debug|Win32
		{D7DC5FED-DC8E-4706-817C-510B125A71F4}.Debug|Win32.Build.0 = Debug|Win32
		{D7DC5FED-DC8E-4706-817C-510B125A71F4}.Release|Any CPU.ActiveCfg = Release|Win32
		{D7DC5FED-DC8E-4706-817C-510B125A71F4}.Release|Mixed Platforms.ActiveCfg = Release|Win32
		{D7DC5FED-DC8E-4706-817C-510B125A71F4}.Release|Mixed Platforms.Build.0 = Release|Win32
		{D7DC5FED-DC8E-4706-817C-510B125A71F4}.Release|Win32.ActiveCfg = Release|Win32
		{D7DC5FED-DC8E-4706-817C-510B125A71F4}.Release|Win32.Build.0 = Release|Win32
		{DCCCA7AE-DF94-410A-AF8D-D011C33C9E72}.Debug|Any CPU.ActiveCfg = Debug|Any CPU
		{DCCCA7AE-DF94-410A-AF8D-D011C33C9E72}.Debug|Any CPU.Build.0 = Debug|Any CPU
		{DCCCA7AE-DF94-410A-AF8D-D011C33C9E72}.Debug|Mixed Platforms.ActiveCfg = Debug|Any CPU
		{DCCCA7AE-DF94-410A-AF8D-D011C33C9E72}.Debug|Mixed Platforms.Build.0 = Debug|Any CPU
		{DCCCA7AE-DF94-410A-AF8D-D011C33C9E72}.Debug|Win32.ActiveCfg = Debug|Any CPU
		{DCCCA7AE-DF94-410A-AF8D-D011C33C9E72}.Release|Any CPU.ActiveCfg = Release|Any CPU
		{DCCCA7AE-DF94-410A-AF8D-D011C33C9E72}.Release|Any CPU.Build.0 = Release|Any CPU
		{DCCCA7AE-DF94-410A-AF8D-D011C33C9E72}.Release|Mixed Platforms.ActiveCfg = Release|Any CPU
		{DCCCA7AE-DF94-410A-AF8D-D011C33C9E72}.Release|Mixed Platforms.Build.0 = Release|Any CPU
		{DCCCA7AE-DF94-410A-AF8D-D011C33C9E72}.Release|Win32.ActiveCfg = Release|Any CPU
		{27770C97-2B56-47AC-9CBE-86C77523E215}.Debug|Any CPU.ActiveCfg = Debug|Any CPU
		{27770C97-2B56-47AC-9CBE-86C77523E215}.Debug|Any CPU.Build.0 = Debug|Any CPU
		{27770C97-2B56-47AC-9CBE-86C77523E215}.Debug|Mixed Platforms.ActiveCfg = Debug|Any CPU
		{27770C97-2B56-47AC-9CBE-86C77523E215}.Debug|Mixed Platforms.Build.0 = Debug|Any CPU
		{27770C97-2B56-47AC-9CBE-86C77523E215}.Debug|Win32.ActiveCfg = Debug|Any CPU
		{27770C97-2B56-47AC-9CBE-86C77523E215}.Release|Any CPU.ActiveCfg = Release|Any CPU
		{27770C97-2B56-47AC-9CBE-86C77523E215}.Release|Any CPU.Build.0 = Release|Any CPU
		{27770C97-2B56-47AC-9CBE-86C77523E215}.Release|Mixed Platforms.ActiveCfg = Release|Any CPU
		{27770C97-2B56-47AC-9CBE-86C77523E215}.Release|Mixed Platforms.Build.0 = Release|Any CPU
		{27770C97-2B56-47AC-9CBE-86C77523E215}.Release|Win32.ActiveCfg = Release|Any CPU
		{38F6B1D6-55E7-4DEB-A4F5-6AC66FC3F8AB}.Debug|Any CPU.ActiveCfg = Debug|Win32
		{38F6B1D6-55E7-4DEB-A4F5-6AC66FC3F8AB}.Debug|Mixed Platforms.ActiveCfg = Debug|Win32
		{38F6B1D6-55E7-4DEB-A4F5-6AC66FC3F8AB}.Debug|Mixed Platforms.Build.0 = Debug|Win32
		{38F6B1D6-55E7-4DEB-A4F5-6AC66FC3F8AB}.Debug|Win32.ActiveCfg = Debug|Win32
		{38F6B1D6-55E7-4DEB-A4F5-6AC66FC3F8AB}.Debug|Win32.Build.0 = Debug|Win32
		{38F6B1D6-55E7-4DEB-A4F5-6AC66FC3F8AB}.Release|Any CPU.ActiveCfg = Release|Win32
		{38F6B1D6-55E7-4DEB-A4F5-6AC66FC3F8AB}.Release|Mixed Platforms.ActiveCfg = Release|Win32
		{38F6B1D6-55E7-4DEB-A4F5-6AC66FC3F8AB}.Release|Mixed Platforms.Build.0 = Release|Win32
		{38F6B1D6-55E7-4DEB-A4F5-6AC66FC3F8AB}.Release|Win32.ActiveCfg = Release|Win32
		{38F6B1D6-55E7-4DEB-A4F5-6AC66FC3F8AB}.Release|Win32.Build.0 = Release|Win32
	EndGlobalSection
	GlobalSection(SolutionProperties) = preSolution
		HideSolutionNode = FALSE
	EndGlobalSection
	GlobalSection(ExtensibilityGlobals) = postSolution
		SolutionGuid = {A52383D7-7385-4B90-BD19-C9E81E1CEE02}
	EndGlobalSection
EndGlobal
